
Microsoft Visual Studio Solution File, Format Version 12.00
# Visual Studio 2013
VisualStudioVersion = 12.0.40629.0
MinimumVisualStudioVersion = 10.0.40219.1
Project("{FAE04EC0-301F-11D3-BF4B-00C04F79EFBC}") = "MvvmMonkey.Wpf", "MvvmMonkey.Wpf\MvvmMonkey.Wpf.csproj", "{56FA55DC-DED5-407F-8C27-98A719BE8DD4}"
EndProject
Project("{FAE04EC0-301F-11D3-BF4B-00C04F79EFBC}") = "MvvmMonkey.Wpf.Demo", "MvvmMonkey.Wpf.Demo\MvvmMonkey.Wpf.Demo.csproj", "{C580E9AC-C184-405D-BB9A-A77D61E8FEF6}"
EndProject
Project("{2150E333-8FDC-42A3-9474-1A3956D46DE8}") = "Solution Items", "Solution Items", "{FE6B06C8-9A7E-4982-8B0E-9C1C2351E97B}"
	ProjectSection(SolutionItems) = preProject
		..\LICENSE = ..\LICENSE
		..\README.md = ..\README.md
	EndProjectSection
EndProject
Global
	GlobalSection(SolutionConfigurationPlatforms) = preSolution
		Debug|Any CPU = Debug|Any CPU
		Release|Any CPU = Release|Any CPU
	EndGlobalSection
	GlobalSection(ProjectConfigurationPlatforms) = postSolution
		{56FA55DC-DED5-407F-8C27-98A719BE8DD4}.Debug|Any CPU.ActiveCfg = Debug|Any CPU
		{56FA55DC-DED5-407F-8C27-98A719BE8DD4}.Debug|Any CPU.Build.0 = Debug|Any CPU
		{56FA55DC-DED5-407F-8C27-98A719BE8DD4}.Release|Any CPU.ActiveCfg = Release|Any CPU
		{56FA55DC-DED5-407F-8C27-98A719BE8DD4}.Release|Any CPU.Build.0 = Release|Any CPU
		{C580E9AC-C184-405D-BB9A-A77D61E8FEF6}.Debug|Any CPU.ActiveCfg = Debug|Any CPU
		{C580E9AC-C184-405D-BB9A-A77D61E8FEF6}.Debug|Any CPU.Build.0 = Debug|Any CPU
		{C580E9AC-C184-405D-BB9A-A77D61E8FEF6}.Release|Any CPU.ActiveCfg = Release|Any CPU
		{C580E9AC-C184-405D-BB9A-A77D61E8FEF6}.Release|Any CPU.Build.0 = Release|Any CPU
	EndGlobalSection
	GlobalSection(SolutionProperties) = preSolution
		HideSolutionNode = FALSE
	EndGlobalSection
EndGlobal
